
Microsoft Visual Studio Solution File, Format Version 12.00
# Visual Studio Version 16
VisualStudioVersion = 16.0.29806.167
MinimumVisualStudioVersion = 10.0.40219.1
Project("{FAE04EC0-301F-11D3-BF4B-00C04F79EFBC}") = "UI", "UI\UI.csproj", "{DD6C4073-07B3-4FC9-8739-EBD1EB2F607C}"
EndProject
Project("{FAE04EC0-301F-11D3-BF4B-00C04F79EFBC}") = "Business", "Business\Business.csproj", "{58C88242-A6FF-4C7A-B09C-1ED8F86E541F}"
EndProject
Project("{FAE04EC0-301F-11D3-BF4B-00C04F79EFBC}") = "Domain", "Domain\Domain.csproj", "{4574FF9E-870F-43D6-A736-0BD5C6BDA394}"
EndProject
Global
	GlobalSection(SolutionConfigurationPlatforms) = preSolution
		Debug|Any CPU = Debug|Any CPU
		Release|Any CPU = Release|Any CPU
	EndGlobalSection
	GlobalSection(ProjectConfigurationPlatforms) = postSolution
		{DD6C4073-07B3-4FC9-8739-EBD1EB2F607C}.Debug|Any CPU.ActiveCfg = Debug|Any CPU
		{DD6C4073-07B3-4FC9-8739-EBD1EB2F607C}.Debug|Any CPU.Build.0 = Debug|Any CPU
		{DD6C4073-07B3-4FC9-8739-EBD1EB2F607C}.Release|Any CPU.ActiveCfg = Release|Any CPU
		{DD6C4073-07B3-4FC9-8739-EBD1EB2F607C}.Release|Any CPU.Build.0 = Release|Any CPU
		{58C88242-A6FF-4C7A-B09C-1ED8F86E541F}.Debug|Any CPU.ActiveCfg = Debug|Any CPU
		{58C88242-A6FF-4C7A-B09C-1ED8F86E541F}.Debug|Any CPU.Build.0 = Debug|Any CPU
		{58C88242-A6FF-4C7A-B09C-1ED8F86E541F}.Release|Any CPU.ActiveCfg = Release|Any CPU
		{58C88242-A6FF-4C7A-B09C-1ED8F86E541F}.Release|Any CPU.Build.0 = Release|Any CPU
		{4574FF9E-870F-43D6-A736-0BD5C6BDA394}.Debug|Any CPU.ActiveCfg = Debug|Any CPU
		{4574FF9E-870F-43D6-A736-0BD5C6BDA394}.Debug|Any CPU.Build.0 = Debug|Any CPU
		{4574FF9E-870F-43D6-A736-0BD5C6BDA394}.Release|Any CPU.ActiveCfg = Release|Any CPU
		{4574FF9E-870F-43D6-A736-0BD5C6BDA394}.Release|Any CPU.Build.0 = Release|Any CPU
	EndGlobalSection
	GlobalSection(SolutionProperties) = preSolution
		HideSolutionNode = FALSE
	EndGlobalSection
	GlobalSection(ExtensibilityGlobals) = postSolution
		SolutionGuid = {C1A642F2-7A52-4F65-9586-2C1ED93C0A21}
	EndGlobalSection
EndGlobal
